
Microsoft Visual Studio Solution File, Format Version 12.00
Project("{FAE04EC0-301F-11D3-BF4B-00C04F79EFBC}") = "DotTja", "DotTja\DotTja.csproj", "{F4E5BCC7-F1A8-48C1-BA00-98F1A708F440}"
EndProject
Global
	GlobalSection(SolutionConfigurationPlatforms) = preSolution
		Debug|Any CPU = Debug|Any CPU
		Release|Any CPU = Release|Any CPU
	EndGlobalSection
	GlobalSection(ProjectConfigurationPlatforms) = postSolution
		{F4E5BCC7-F1A8-48C1-BA00-98F1A708F440}.Debug|Any CPU.ActiveCfg = Debug|Any CPU
		{F4E5BCC7-F1A8-48C1-BA00-98F1A708F440}.Debug|Any CPU.Build.0 = Debug|Any CPU
		{F4E5BCC7-F1A8-48C1-BA00-98F1A708F440}.Release|Any CPU.ActiveCfg = Release|Any CPU
		{F4E5BCC7-F1A8-48C1-BA00-98F1A708F440}.Release|Any CPU.Build.0 = Release|Any CPU
	EndGlobalSection
EndGlobal
